
Microsoft Visual Studio Solution File, Format Version 12.00
# Visual Studio Version 17
VisualStudioVersion = 17.8.34511.84
MinimumVisualStudioVersion = 10.0.40219.1
Project("{FAE04EC0-301F-11D3-BF4B-00C04F79EFBC}") = "PictureCrop", "PictureCrop\PictureCrop.csproj", "{73208C83-C911-4A6A-9CC2-7B05A9FF8A27}"
EndProject
Project("{FAE04EC0-301F-11D3-BF4B-00C04F79EFBC}") = "PictureTest", "PictureTest\PictureTest.csproj", "{A213D775-6B53-495C-8FAF-563104A7EFF5}"
EndProject
Global
	GlobalSection(SolutionConfigurationPlatforms) = preSolution
		Debug|Any CPU = Debug|Any CPU
		Release|Any CPU = Release|Any CPU
	EndGlobalSection
	GlobalSection(ProjectConfigurationPlatforms) = postSolution
		{73208C83-C911-4A6A-9CC2-7B05A9FF8A27}.Debug|Any CPU.ActiveCfg = Debug|Any CPU
		{73208C83-C911-4A6A-9CC2-7B05A9FF8A27}.Debug|Any CPU.Build.0 = Debug|Any CPU
		{73208C83-C911-4A6A-9CC2-7B05A9FF8A27}.Release|Any CPU.ActiveCfg = Release|Any CPU
		{73208C83-C911-4A6A-9CC2-7B05A9FF8A27}.Release|Any CPU.Build.0 = Release|Any CPU
		{A213D775-6B53-495C-8FAF-563104A7EFF5}.Debug|Any CPU.ActiveCfg = Debug|Any CPU
		{A213D775-6B53-495C-8FAF-563104A7EFF5}.Debug|Any CPU.Build.0 = Debug|Any CPU
		{A213D775-6B53-495C-8FAF-563104A7EFF5}.Release|Any CPU.ActiveCfg = Release|Any CPU
		{A213D775-6B53-495C-8FAF-563104A7EFF5}.Release|Any CPU.Build.0 = Release|Any CPU
	EndGlobalSection
	GlobalSection(SolutionProperties) = preSolution
		HideSolutionNode = FALSE
	EndGlobalSection
	GlobalSection(ExtensibilityGlobals) = postSolution
		SolutionGuid = {22716EA3-55E2-4A95-AA49-DC429F532F68}
	EndGlobalSection
EndGlobal
